
Microsoft Visual Studio Solution File, Format Version 12.00
# Visual Studio Version 17
VisualStudioVersion = 17.5.33424.131
MinimumVisualStudioVersion = 10.0.40219.1
Project("{FAE04EC0-301F-11D3-BF4B-00C04F79EFBC}") = "Tugas_PBO_PR", "Tugas_PBO_PR\Tugas_PBO_PR.csproj", "{1BE562BD-0E5B-4B60-BEAB-086D2CE99FE1}"
EndProject
Global
	GlobalSection(SolutionConfigurationPlatforms) = preSolution
		Debug|Any CPU = Debug|Any CPU
		Release|Any CPU = Release|Any CPU
	EndGlobalSection
	GlobalSection(ProjectConfigurationPlatforms) = postSolution
		{1BE562BD-0E5B-4B60-BEAB-086D2CE99FE1}.Debug|Any CPU.ActiveCfg = Debug|Any CPU
		{1BE562BD-0E5B-4B60-BEAB-086D2CE99FE1}.Debug|Any CPU.Build.0 = Debug|Any CPU
		{1BE562BD-0E5B-4B60-BEAB-086D2CE99FE1}.Release|Any CPU.ActiveCfg = Release|Any CPU
		{1BE562BD-0E5B-4B60-BEAB-086D2CE99FE1}.Release|Any CPU.Build.0 = Release|Any CPU
	EndGlobalSection
	GlobalSection(SolutionProperties) = preSolution
		HideSolutionNode = FALSE
	EndGlobalSection
	GlobalSection(ExtensibilityGlobals) = postSolution
		SolutionGuid = {3DDA076D-703B-452C-BA91-DF6BD83B4790}
	EndGlobalSection
EndGlobal
